{"version":4,"terraform_version":"1.8.2","serial":11,"lineage":"6b5fa7ee-cd9c-c600-fc01-ee4df99fb4bb","outputs":{},"resources":[{"mode":"managed","type":"aws_s3_bucket","name":"bucket","provider":"provider[\"registry.opentofu.org/hashicorp/aws\"]","instances":[{"schema_version":0,"attributes":{"acceleration_status":"","acl":null,"arn":"arn:aws:s3:::es-tuner","bucket":"es-tuner","bucket_domain_name":"es-tuner.s3.amazonaws.com","bucket_prefix":"","bucket_regional_domain_name":"es-tuner.s3.eu-west-1.amazonaws.com","cors_rule":[],"force_destroy":true,"grant":[{"id":"cf1d42882ae37317224c0fa579cbf24d90ce3c5868fa999c47b2b942857d5cfc","permissions":["FULL_CONTROL"],"type":"CanonicalUser","uri":""}],"hosted_zone_id":"Z1BKCTXD74EZPE","id":"es-tuner","lifecycle_rule":[],"logging":[],"object_lock_configuration":[],"object_lock_enabled":false,"policy":"","region":"eu-west-1","replication_configuration":[],"request_payer":"BucketOwner","server_side_encryption_configuration":[{"rule":[{"apply_server_side_encryption_by_default":[{"kms_master_key_id":"","sse_algorithm":"AES256"}],"bucket_key_enabled":false}]}],"tags":{},"tags_all":{},"timeouts":null,"versioning":[{"enabled":false,"mfa_delete":false}],"website":[],"website_domain":null,"website_endpoint":null},"sensitive_attributes":[],"private":"eyJlMmJmYjczMC1lY2FhLTExZTYtOGY4OC0zNDM2M2JjN2M0YzAiOnsiY3JlYXRlIjoxMjAwMDAwMDAwMDAwLCJkZWxldGUiOjM2MDAwMDAwMDAwMDAsInJlYWQiOjEyMDAwMDAwMDAwMDAsInVwZGF0ZSI6MTIwMDAwMDAwMDAwMH19"}]},{"mode":"managed","type":"aws_s3_bucket_acl","name":"bucket_acl","provider":"provider[\"registry.opentofu.org/hashicorp/aws\"]","instances":[{"schema_version":0,"attributes":{"access_control_policy":[{"grant":[{"grantee":[{"display_name":"enzoayrsoares","email_address":"","id":"cf1d42882ae37317224c0fa579cbf24d90ce3c5868fa999c47b2b942857d5cfc","type":"CanonicalUser","uri":""}],"permission":"FULL_CONTROL"}],"owner":[{"display_name":"enzoayrsoares","id":"cf1d42882ae37317224c0fa579cbf24d90ce3c5868fa999c47b2b942857d5cfc"}]}],"acl":"private","bucket":"es-tuner","expected_bucket_owner":"","id":"es-tuner,private"},"sensitive_attributes":[],"private":"bnVsbA==","dependencies":["aws_s3_bucket.bucket","aws_s3_bucket_ownership_controls.bucket_ownership_control"]}]},{"mode":"managed","type":"aws_s3_bucket_ownership_controls","name":"bucket_ownership_control","provider":"provider[\"registry.opentofu.org/hashicorp/aws\"]","instances":[{"schema_version":0,"attributes":{"bucket":"es-tuner","id":"es-tuner","rule":[{"object_ownership":"BucketOwnerPreferred"}]},"sensitive_attributes":[],"private":"bnVsbA==","dependencies":["aws_s3_bucket.bucket"]}]},{"mode":"managed","type":"aws_s3_object","name":"assets_bucket_object","provider":"provider[\"registry.opentofu.org/hashicorp/aws\"]","instances":[{"index_key":"favicon-mtvwWgEY.ico","schema_version":0,"attributes":{"acl":null,"arn":"arn:aws:s3:::es-tuner/assets/favicon-mtvwWgEY.ico","bucket":"es-tuner","bucket_key_enabled":false,"cache_control":"","checksum_algorithm":null,"checksum_crc32":"","checksum_crc32c":"","checksum_sha1":"","checksum_sha256":"","content":null,"content_base64":null,"content_disposition":"","content_encoding":"","content_language":"","content_type":"application/octet-stream","etag":"d4988481193e0948badeaf2fae241220","force_destroy":false,"id":"assets/favicon-mtvwWgEY.ico","key":"assets/favicon-mtvwWgEY.ico","kms_key_id":null,"metadata":null,"object_lock_legal_hold_status":"","object_lock_mode":"","object_lock_retain_until_date":"","override_provider":[],"server_side_encryption":"AES256","source":"../frontend/dist/assets/favicon-mtvwWgEY.ico","source_hash":null,"storage_class":"STANDARD","tags":null,"tags_all":{},"version_id":"","website_redirect":""},"sensitive_attributes":[],"private":"bnVsbA==","dependencies":["aws_s3_bucket.bucket"]},{"index_key":"index-CsnN7p86.css","schema_version":0,"attributes":{"acl":null,"arn":"arn:aws:s3:::es-tuner/assets/index-CsnN7p86.css","bucket":"es-tuner","bucket_key_enabled":false,"cache_control":"","checksum_algorithm":null,"checksum_crc32":"","checksum_crc32c":"","checksum_sha1":"","checksum_sha256":"","content":null,"content_base64":null,"content_disposition":"","content_encoding":"","content_language":"","content_type":"application/octet-stream","etag":"5a790920dcb5b581a41f6e239f7e667e","force_destroy":false,"id":"assets/index-CsnN7p86.css","key":"assets/index-CsnN7p86.css","kms_key_id":null,"metadata":null,"object_lock_legal_hold_status":"","object_lock_mode":"","object_lock_retain_until_date":"","override_provider":[],"server_side_encryption":"AES256","source":"../frontend/dist/assets/index-CsnN7p86.css","source_hash":null,"storage_class":"STANDARD","tags":null,"tags_all":{},"version_id":"","website_redirect":""},"sensitive_attributes":[],"private":"bnVsbA==","dependencies":["aws_s3_bucket.bucket"]},{"index_key":"index-CtO0SzEg.js","schema_version":0,"attributes":{"acl":null,"arn":"arn:aws:s3:::es-tuner/assets/index-CtO0SzEg.js","bucket":"es-tuner","bucket_key_enabled":false,"cache_control":"","checksum_algorithm":null,"checksum_crc32":"","checksum_crc32c":"","checksum_sha1":"","checksum_sha256":"","content":null,"content_base64":null,"content_disposition":"","content_encoding":"","content_language":"","content_type":"application/octet-stream","etag":"e49098923e2e754a8c7c2c6986e04ece","force_destroy":false,"id":"assets/index-CtO0SzEg.js","key":"assets/index-CtO0SzEg.js","kms_key_id":null,"metadata":null,"object_lock_legal_hold_status":"","object_lock_mode":"","object_lock_retain_until_date":"","override_provider":[],"server_side_encryption":"AES256","source":"../frontend/dist/assets/index-CtO0SzEg.js","source_hash":null,"storage_class":"STANDARD","tags":null,"tags_all":{},"version_id":"","website_redirect":""},"sensitive_attributes":[],"private":"bnVsbA==","dependencies":["aws_s3_bucket.bucket"]}]},{"mode":"managed","type":"aws_s3_object","name":"root_bucket_object","provider":"provider[\"registry.opentofu.org/hashicorp/aws\"]","instances":[{"index_key":"index.html","schema_version":0,"attributes":{"acl":null,"arn":"arn:aws:s3:::es-tuner/index.html","bucket":"es-tuner","bucket_key_enabled":false,"cache_control":"","checksum_algorithm":null,"checksum_crc32":"","checksum_crc32c":"","checksum_sha1":"","checksum_sha256":"","content":null,"content_base64":null,"content_disposition":"","content_encoding":"","content_language":"","content_type":"application/octet-stream","etag":"465a6aef4a83bdeb294a1d2d806e1f01","force_destroy":false,"id":"index.html","key":"index.html","kms_key_id":null,"metadata":null,"object_lock_legal_hold_status":"","object_lock_mode":"","object_lock_retain_until_date":"","override_provider":[],"server_side_encryption":"AES256","source":"../frontend/dist/index.html","source_hash":null,"storage_class":"STANDARD","tags":null,"tags_all":{},"version_id":"","website_redirect":""},"sensitive_attributes":[],"private":"bnVsbA==","dependencies":["aws_s3_bucket.bucket"]}]}],"check_results":null}
